// !$*UTF8*$!
{
	archiveVersion = 1;
	classes = {
	};
	objectVersion = 77;
	objects = {

/* Begin PBXBuildFile section */
		A10000000000000000000001 /* GoogleMaps in Frameworks */ = {isa = PBXBuildFile; productRef = A10000000000000000000011 /* GoogleMaps */; };
		A10000000000000000000002 /* GooglePlaces in Frameworks */ = {isa = PBXBuildFile; productRef = A10000000000000000000012 /* GooglePlaces */; };
		A10000000000000000000003 /* GooglePlacesSwift in Frameworks */ = {isa = PBXBuildFile; productRef = A10000000000000000000013 /* GooglePlacesSwift */; };
/* End PBXBuildFile section */

/* Begin PBXContainerItemProxy section */
		82BBE8992FFEEF87004848FA /* PBXContainerItemProxy */ = {
			isa = PBXContainerItemProxy;
			containerPortal = 82BBE8832FFEEF85004848FA /* Project object */;
			proxyType = 1;
			remoteGlobalIDString = 82BBE88A2FFEEF85004848FA;
			remoteInfo = Plotly;
		};
		82BBE8A32FFEEF87004848FA /* PBXContainerItemProxy */ = {
			isa = PBXContainerItemProxy;
			containerPortal = 82BBE8832FFEEF85004848FA /* Project object */;
			proxyType = 1;
			remoteGlobalIDString = 82BBE88A2FFEEF85004848FA;
			remoteInfo = Plotly;
		};
/* End PBXContainerItemProxy section */

/* Begin PBXFileReference section */
		82BBE88B2FFEEF85004848FA /* Plotly.app */ = {isa = PBXFileReference; explicitFileType = wrapper.application; includeInIndex = 0; path = Plotly.app; sourceTree = BUILT_PRODUCTS_DIR; };
		82BBE8982FFEEF87004848FA /* PlotlyTests.xctest */ = {isa = PBXFileReference; explicitFileType = wrapper.cfbundle; includeInIndex = 0; path = PlotlyTests.xctest; sourceTree = BUILT_PRODUCTS_DIR; };
		82BBE8A22FFEEF87004848FA /* PlotlyUITests.xctest */ = {isa = PBXFileReference; explicitFileType = wrapper.cfbundle; includeInIndex = 0; path = PlotlyUITests.xctest; sourceTree = BUILT_PRODUCTS_DIR; };
/* End PBXFileReference section */

/* Begin PBXFileSystemSynchronizedRootGroup section */
		82BBE88D2FFEEF85004848FA /* Plotly */ = {
			isa = PBXFileSystemSynchronizedRootGroup;
			path = Plotly;
			sourceTree = "<group>";
		};
		82BBE89B2FFEEF87004848FA /* PlotlyTests */ = {
			isa = PBXFileSystemSynchronizedRootGroup;
			path = PlotlyTests;
			sourceTree = "<group>";
		};
		82BBE8A52FFEEF87004848FA /* PlotlyUITests */ = {
			isa = PBXFileSystemSynchronizedRootGroup;
			path = PlotlyUITests;
			sourceTree = "<group>";
		};
/* End PBXFileSystemSynchronizedRootGroup section */

/* Begin PBXFrameworksBuildPhase section */
		82BBE8882FFEEF85004848FA /* Frameworks */ = {
			isa = PBXFrameworksBuildPhase;
			buildActionMask = 2147483647;
			files = (
				A10000000000000000000001 /* GoogleMaps in Frameworks */,
				A10000000000000000000002 /* GooglePlaces in Frameworks */,
				A10000000000000000000003 /* GooglePlacesSwift in Frameworks */,
			);
			runOnlyForDeploymentPostprocessing = 0;
		};
		82BBE8952FFEEF87004848FA /* Frameworks */ = {
			isa = PBXFrameworksBuildPhase;
			buildActionMask = 2147483647;
			files = (
			);
			runOnlyForDeploymentPostprocessing = 0;
		};
		82BBE89F2FFEEF87004848FA /* Frameworks */ = {
			isa = PBXFrameworksBuildPhase;
			buildActionMask = 2147483647;
			files = (
			);
			runOnlyForDeploymentPostprocessing = 0;
		};
/* End PBXFrameworksBuildPhase section */

/* Begin PBXGroup section */
		82BBE8822FFEEF85004848FA = {
			isa = PBXGroup;
			children = (
				82BBE88D2FFEEF85004848FA /* Plotly */,
				82BBE89B2FFEEF87004848FA /* PlotlyTests */,
				82BBE8A52FFEEF87004848FA /* PlotlyUITests */,
				82BBE88C2FFEEF85004848FA /* Products */,
			);
			sourceTree = "<group>";
		};
		82BBE88C2FFEEF85004848FA /* Products */ = {
			isa = PBXGroup;
			children = (
				82BBE88B2FFEEF85004848FA /* Plotly.app */,
				82BBE8982FFEEF87004848FA /* PlotlyTests.xctest */,
				82BBE8A22FFEEF87004848FA /* PlotlyUITests.xctest */,
			);
			name = Products;
			sourceTree = "<group>";
		};
/* End PBXGroup section */

/* Begin PBXNativeTarget section */
		82BBE88A2FFEEF85004848FA /* Plotly */ = {
			isa = PBXNativeTarget;
			buildConfigurationList = 82BBE8AC2FFEEF87004848FA /* Build configuration list for PBXNativeTarget "Plotly" */;
			buildPhases = (
				82BBE8872FFEEF85004848FA /* Sources */,
				82BBE8882FFEEF85004848FA /* Frameworks */,
				82BBE8892FFEEF85004848FA /* Resources */,
			);
			buildRules = (
			);
			dependencies = (
			);
			fileSystemSynchronizedGroups = (
				82BBE88D2FFEEF85004848FA /* Plotly */,
			);
			name = Plotly;
			packageProductDependencies = (
				A10000000000000000000011 /* GoogleMaps */,
				A10000000000000000000012 /* GooglePlaces */,
				A10000000000000000000013 /* GooglePlacesSwift */,
			);
			productName = Plotly;
			productReference = 82BBE88B2FFEEF85004848FA /* Plotly.app */;
			productType = "com.apple.product-type.application";
		};
		82BBE8972FFEEF87004848FA /* PlotlyTests */ = {
			isa = PBXNativeTarget;
			buildConfigurationList = 82BBE8AF2FFEEF87004848FA /* Build configuration list for PBXNativeTarget "PlotlyTests" */;
			buildPhases = (
				82BBE8942FFEEF87004848FA /* Sources */,
				82BBE8952FFEEF87004848FA /* Frameworks */,
				82BBE8962FFEEF87004848FA /* Resources */,
			);
			buildRules = (
			);
			dependencies = (
				82BBE89A2FFEEF87004848FA /* PBXTargetDependency */,
			);
			fileSystemSynchronizedGroups = (
				82BBE89B2FFEEF87004848FA /* PlotlyTests */,
			);
			name = PlotlyTests;
			packageProductDependencies = (
			);
			productName = PlotlyTests;
			productReference = 82BBE8982FFEEF87004848FA /* PlotlyTests.xctest */;
			productType = "com.apple.product-type.bundle.unit-test";
		};
		82BBE8A12FFEEF87004848FA /* PlotlyUITests */ = {
			isa = PBXNativeTarget;
			buildConfigurationList = 82BBE8B22FFEEF87004848FA /* Build configuration list for PBXNativeTarget "PlotlyUITests" */;
			buildPhases = (
				82BBE89E2FFEEF87004848FA /* Sources */,
				82BBE89F2FFEEF87004848FA /* Frameworks */,
				82BBE8A02FFEEF87004848FA /* Resources */,
			);
			buildRules = (
			);
			dependencies = (
				82BBE8A42FFEEF87004848FA /* PBXTargetDependency */,
			);
			fileSystemSynchronizedGroups = (
				82BBE8A52FFEEF87004848FA /* PlotlyUITests */,
			);
			name = PlotlyUITests;
			packageProductDependencies = (
			);
			productName = PlotlyUITests;
			productReference = 82BBE8A22FFEEF87004848FA /* PlotlyUITests.xctest */;
			productType = "com.apple.product-type.bundle.ui-testing";
		};
/* End PBXNativeTarget section */

/* Begin PBXProject section */
		82BBE8832FFEEF85004848FA /* Project object */ = {
			isa = PBXProject;
			attributes = {
				BuildIndependentTargetsInParallel = 1;
				LastSwiftUpdateCheck = 2650;
				LastUpgradeCheck = 2650;
				TargetAttributes = {
					82BBE88A2FFEEF85004848FA = {
						CreatedOnToolsVersion = 26.5;
					};
					82BBE8972FFEEF87004848FA = {
						CreatedOnToolsVersion = 26.5;
						TestTargetID = 82BBE88A2FFEEF85004848FA;
					};
					82BBE8A12FFEEF87004848FA = {
						CreatedOnToolsVersion = 26.5;
						TestTargetID = 82BBE88A2FFEEF85004848FA;
					};
				};
			};
			buildConfigurationList = 82BBE8862FFEEF85004848FA /* Build configuration list for PBXProject "Plotly" */;
			developmentRegion = en;
			hasScannedForEncodings = 0;
			knownRegions = (
				en,
				Base,
			);
			mainGroup = 82BBE8822FFEEF85004848FA;
			minimizedProjectReferenceProxies = 1;
			packageReferences = (
				A10000000000000000000021 /* XCRemoteSwiftPackageReference "ios-maps-sdk" */,
				A10000000000000000000022 /* XCRemoteSwiftPackageReference "ios-places-sdk" */,
			);
			preferredProjectObjectVersion = 77;
			productRefGroup = 82BBE88C2FFEEF85004848FA /* Products */;
			projectDirPath = "";
			projectRoot = "";
			targets = (
				82BBE88A2FFEEF85004848FA /* Plotly */,
				82BBE8972FFEEF87004848FA /* PlotlyTests */,
				82BBE8A12FFEEF87004848FA /* PlotlyUITests */,
			);
		};
/* End PBXProject section */

/* Begin PBXResourcesBuildPhase section */
		82BBE8892FFEEF85004848FA /* Resources */ = {
			isa = PBXResourcesBuildPhase;
			buildActionMask = 2147483647;
			files = (
			);
			runOnlyForDeploymentPostprocessing = 0;
		};
		82BBE8962FFEEF87004848FA /* Resources */ = {
			isa = PBXResourcesBuildPhase;
			buildActionMask = 2147483647;
			files = (
			);
			runOnlyForDeploymentPostprocessing = 0;
		};
		82BBE8A02FFEEF87004848FA /* Resources */ = {
			isa = PBXResourcesBuildPhase;
			buildActionMask = 2147483647;
			files = (
			);
			runOnlyForDeploymentPostprocessing = 0;
		};
/* End PBXResourcesBuildPhase section */

/* Begin PBXSourcesBuildPhase section */
		82BBE8872FFEEF85004848FA /* Sources */ = {
			isa = PBXSourcesBuildPhase;
			buildActionMask = 2147483647;
			files = (
			);
			runOnlyForDeploymentPostprocessing = 0;
		};
		82BBE8942FFEEF87004848FA /* Sources */ = {
			isa = PBXSourcesBuildPhase;
			buildActionMask = 2147483647;
			files = (
			);
			runOnlyForDeploymentPostprocessing = 0;
		};
		82BBE89E2FFEEF87004848FA /* Sources */ = {
			isa = PBXSourcesBuildPhase;
			buildActionMask = 2147483647;
			files = (
			);
			runOnlyForDeploymentPostprocessing = 0;
		};
/* End PBXSourcesBuildPhase section */

/* Begin PBXTargetDependency section */
		82BBE89A2FFEEF87004848FA /* PBXTargetDependency */ = {
			isa = PBXTargetDependency;
			target = 82BBE88A2FFEEF85004848FA /* Plotly */;
			targetProxy = 82BBE8992FFEEF87004848FA /* PBXContainerItemProxy */;
		};
		82BBE8A42FFEEF87004848FA /* PBXTargetDependency */ = {
			isa = PBXTargetDependency;
			target = 82BBE88A2FFEEF85004848FA /* Plotly */;
			targetProxy = 82BBE8A32FFEEF87004848FA /* PBXContainerItemProxy */;
		};
/* End PBXTargetDependency section */

/* Begin XCBuildConfiguration section */
		82BBE8AA2FFEEF87004848FA /* Debug */ = {
			isa = XCBuildConfiguration;
			buildSettings = {
				ALWAYS_SEARCH_USER_PATHS = NO;
				ASSETCATALOG_COMPILER_GENERATE_SWIFT_ASSET_SYMBOL_EXTENSIONS = YES;
				CLANG_ANALYZER_NONNULL = YES;
				CLANG_ANALYZER_NUMBER_OBJECT_CONVERSION = YES_AGGRESSIVE;
				CLANG_CXX_LANGUAGE_STANDARD = "gnu++20";
				CLANG_ENABLE_MODULES = YES;
				CLANG_ENABLE_OBJC_ARC = YES;
				CLANG_ENABLE_OBJC_WEAK = YES;
				CLANG_WARN_BLOCK_CAPTURE_AUTORELEASING = YES;
				CLANG_WARN_BOOL_CONVERSION = YES;
				CLANG_WARN_COMMA = YES;
				CLANG_WARN_CONSTANT_CONVERSION = YES;
				CLANG_WARN_DEPRECATED_OBJC_IMPLEMENTATIONS = YES;
				CLANG_WARN_DIRECT_OBJC_ISA_USAGE = YES_ERROR;
				CLANG_WARN_DOCUMENTATION_COMMENTS = YES;
				CLANG_WARN_EMPTY_BODY = YES;
				CLANG_WARN_ENUM_CONVERSION = YES;
				CLANG_WARN_INFINITE_RECURSION = YES;
				CLANG_WARN_INT_CONVERSION = YES;
				CLANG_WARN_NON_LITERAL_NULL_CONVERSION = YES;
				CLANG_WARN_OBJC_IMPLICIT_RETAIN_SELF = YES;
				CLANG_WARN_OBJC_LITERAL_CONVERSION = YES;
				CLANG_WARN_OBJC_ROOT_CLASS = YES_ERROR;
				CLANG_WARN_QUOTED_INCLUDE_IN_FRAMEWORK_HEADER = YES;
				CLANG_WARN_RANGE_LOOP_ANALYSIS = YES;
				CLANG_WARN_STRICT_PROTOTYPES = YES;
				CLANG_WARN_SUSPICIOUS_MOVE = YES;
				CLANG_WARN_UNGUARDED_AVAILABILITY = YES_AGGRESSIVE;
				CLANG_WARN_UNREACHABLE_CODE = YES;
				CLANG_WARN__DUPLICATE_METHOD_MATCH = YES;
				COPY_PHASE_STRIP = NO;
				DEBUG_INFORMATION_FORMAT = dwarf;
				DEVELOPMENT_TEAM = JBD99C5SKP;
				ENABLE_STRICT_OBJC_MSGSEND = YES;
				ENABLE_TESTABILITY = YES;
				ENABLE_USER_SCRIPT_SANDBOXING = YES;
				GCC_C_LANGUAGE_STANDARD = gnu17;
				GCC_DYNAMIC_NO_PIC = NO;
				GCC_NO_COMMON_BLOCKS = YES;
				GCC_OPTIMIZATION_LEVEL = 0;
				GCC_PREPROCESSOR_DEFINITIONS = (
					"DEBUG=1",
					"$(inherited)",
				);
				GCC_WARN_64_TO_32_BIT_CONVERSION = YES;
				GCC_WARN_ABOUT_RETURN_TYPE = YES_ERROR;
				GCC_WARN_UNDECLARED_SELECTOR = YES;
				GCC_WARN_UNINITIALIZED_AUTOS = YES_AGGRESSIVE;
				GCC_WARN_UNUSED_FUNCTION = YES;
				GCC_WARN_UNUSED_VARIABLE = YES;
				IPHONEOS_DEPLOYMENT_TARGET = 26.5;
				LOCALIZATION_PREFERS_STRING_CATALOGS = YES;
				MTL_ENABLE_DEBUG_INFO = INCLUDE_SOURCE;
				MTL_FAST_MATH = YES;
				ONLY_ACTIVE_ARCH = YES;
				SDKROOT = iphoneos;
				SWIFT_ACTIVE_COMPILATION_CONDITIONS = "DEBUG $(inherited)";
				SWIFT_OPTIMIZATION_LEVEL = "-Onone";
			};
			name = Debug;
		};
		82BBE8AB2FFEEF87004848FA /* Release */ = {
			isa = XCBuildConfiguration;
			buildSettings = {
				ALWAYS_SEARCH_USER_PATHS = NO;
				ASSETCATALOG_COMPILER_GENERATE_SWIFT_ASSET_SYMBOL_EXTENSIONS = YES;
				CLANG_ANALYZER_NONNULL = YES;
				CLANG_ANALYZER_NUMBER_OBJECT_CONVERSION = YES_AGGRESSIVE;
				CLANG_CXX_LANGUAGE_STANDARD = "gnu++20";
				CLANG_ENABLE_MODULES = YES;
				CLANG_ENABLE_OBJC_ARC = YES;
				CLANG_ENABLE_OBJC_WEAK = YES;
				CLANG_WARN_BLOCK_CAPTURE_AUTORELEASING = YES;
				CLANG_WARN_BOOL_CONVERSION = YES;
				CLANG_WARN_COMMA = YES;
				CLANG_WARN_CONSTANT_CONVERSION = YES;
				CLANG_WARN_DEPRECATED_OBJC_IMPLEMENTATIONS = YES;
				CLANG_WARN_DIRECT_OBJC_ISA_USAGE = YES_ERROR;
				CLANG_WARN_DOCUMENTATION_COMMENTS = YES;
				CLANG_WARN_EMPTY_BODY = YES;
				CLANG_WARN_ENUM_CONVERSION = YES;
				CLANG_WARN_INFINITE_RECURSION = YES;
				CLANG_WARN_INT_CONVERSION = YES;
				CLANG_WARN_NON_LITERAL_NULL_CONVERSION = YES;
				CLANG_WARN_OBJC_IMPLICIT_RETAIN_SELF = YES;
				CLANG_WARN_OBJC_LITERAL_CONVERSION = YES;
				CLANG_WARN_OBJC_ROOT_CLASS = YES_ERROR;
				CLANG_WARN_QUOTED_INCLUDE_IN_FRAMEWORK_HEADER = YES;
				CLANG_WARN_RANGE_LOOP_ANALYSIS = YES;
				CLANG_WARN_STRICT_PROTOTYPES = YES;
				CLANG_WARN_SUSPICIOUS_MOVE = YES;
				CLANG_WARN_UNGUARDED_AVAILABILITY = YES_AGGRESSIVE;
				CLANG_WARN_UNREACHABLE_CODE = YES;
				CLANG_WARN__DUPLICATE_METHOD_MATCH = YES;
				COPY_PHASE_STRIP = NO;
				DEBUG_INFORMATION_FORMAT = "dwarf-with-dsym";
				DEVELOPMENT_TEAM = JBD99C5SKP;
				ENABLE_NS_ASSERTIONS = NO;
				ENABLE_STRICT_OBJC_MSGSEND = YES;
				ENABLE_USER_SCRIPT_SANDBOXING = YES;
				GCC_C_LANGUAGE_STANDARD = gnu17;
				GCC_NO_COMMON_BLOCKS = YES;
				GCC_WARN_64_TO_32_BIT_CONVERSION = YES;
				GCC_WARN_ABOUT_RETURN_TYPE = YES_ERROR;
				GCC_WARN_UNDECLARED_SELECTOR = YES;
				GCC_WARN_UNINITIALIZED_AUTOS = YES_AGGRESSIVE;
				GCC_WARN_UNUSED_FUNCTION = YES;
				GCC_WARN_UNUSED_VARIABLE = YES;
				IPHONEOS_DEPLOYMENT_TARGET = 26.5;
				LOCALIZATION_PREFERS_STRING_CATALOGS = YES;
				MTL_ENABLE_DEBUG_INFO = NO;
				MTL_FAST_MATH = YES;
				SDKROOT = iphoneos;
				SWIFT_COMPILATION_MODE = wholemodule;
				VALIDATE_PRODUCT = YES;
			};
			name = Release;
		};
		82BBE8AD2FFEEF87004848FA /* Debug */ = {
			isa = XCBuildConfiguration;
			buildSettings = {
				ASSETCATALOG_COMPILER_APPICON_NAME = AppIcon;
				ASSETCATALOG_COMPILER_GLOBAL_ACCENT_COLOR_NAME = AccentColor;
				CODE_SIGN_STYLE = Automatic;
				CURRENT_PROJECT_VERSION = 1;
				DEVELOPMENT_TEAM = JBD99C5SKP;
				ENABLE_PREVIEWS = YES;
				GENERATE_INFOPLIST_FILE = YES;
				GOOGLE_MAPS_API_KEY = AIzaSyAp6_TYnga61HuwxxU2KFpdI_Q9MYfWIV4;
				INFOPLIST_KEY_GoogleMapsAPIKey = "$(GOOGLE_MAPS_API_KEY)";
				INFOPLIST_KEY_NSLocationWhenInUseUsageDescription = "Plotly uses your location to center the map and improve nearby place search.";
				INFOPLIST_KEY_UIApplicationSceneManifest_Generation = YES;
				INFOPLIST_KEY_UIApplicationSupportsIndirectInputEvents = YES;
				INFOPLIST_KEY_UILaunchScreen_Generation = YES;
				INFOPLIST_KEY_UISupportedInterfaceOrientations_iPad = "UIInterfaceOrientationPortrait UIInterfaceOrientationPortraitUpsideDown UIInterfaceOrientationLandscapeLeft UIInterfaceOrientationLandscapeRight";
				INFOPLIST_KEY_UISupportedInterfaceOrientations_iPhone = "UIInterfaceOrientationPortrait UIInterfaceOrientationLandscapeLeft UIInterfaceOrientationLandscapeRight";
				LD_RUNPATH_SEARCH_PATHS = (
					"$(inherited)",
					"@executable_path/Frameworks",
				);
				MARKETING_VERSION = 1.0;
				PRODUCT_BUNDLE_IDENTIFIER = dev.osdp.view.Plotly;
				PRODUCT_NAME = "$(TARGET_NAME)";
				STRING_CATALOG_GENERATE_SYMBOLS = YES;
				SWIFT_APPROACHABLE_CONCURRENCY = YES;
				SWIFT_DEFAULT_ACTOR_ISOLATION = MainActor;
				SWIFT_EMIT_LOC_STRINGS = YES;
				SWIFT_UPCOMING_FEATURE_MEMBER_IMPORT_VISIBILITY = YES;
				SWIFT_VERSION = 5.0;
				TARGETED_DEVICE_FAMILY = "1,2";
			};
			name = Debug;
		};
		82BBE8AE2FFEEF87004848FA /* Release */ = {
			isa = XCBuildConfiguration;
			buildSettings = {
				ASSETCATALOG_COMPILER_APPICON_NAME = AppIcon;
				ASSETCATALOG_COMPILER_GLOBAL_ACCENT_COLOR_NAME = AccentColor;
				CODE_SIGN_STYLE = Automatic;
				CURRENT_PROJECT_VERSION = 1;
				DEVELOPMENT_TEAM = JBD99C5SKP;
				ENABLE_PREVIEWS = YES;
				GENERATE_INFOPLIST_FILE = YES;
				GOOGLE_MAPS_API_KEY = AIzaSyAp6_TYnga61HuwxxU2KFpdI_Q9MYfWIV4;
				INFOPLIST_KEY_GoogleMapsAPIKey = "$(GOOGLE_MAPS_API_KEY)";
				INFOPLIST_KEY_NSLocationWhenInUseUsageDescription = "Plotly uses your location to center the map and improve nearby place search.";
				INFOPLIST_KEY_UIApplicationSceneManifest_Generation = YES;
				INFOPLIST_KEY_UIApplicationSupportsIndirectInputEvents = YES;
				INFOPLIST_KEY_UILaunchScreen_Generation = YES;
				INFOPLIST_KEY_UISupportedInterfaceOrientations_iPad = "UIInterfaceOrientationPortrait UIInterfaceOrientationPortraitUpsideDown UIInterfaceOrientationLandscapeLeft UIInterfaceOrientationLandscapeRight";
				INFOPLIST_KEY_UISupportedInterfaceOrientations_iPhone = "UIInterfaceOrientationPortrait UIInterfaceOrientationLandscapeLeft UIInterfaceOrientationLandscapeRight";
				LD_RUNPATH_SEARCH_PATHS = (
					"$(inherited)",
					"@executable_path/Frameworks",
				);
				MARKETING_VERSION = 1.0;
				PRODUCT_BUNDLE_IDENTIFIER = dev.osdp.view.Plotly;
				PRODUCT_NAME = "$(TARGET_NAME)";
				STRING_CATALOG_GENERATE_SYMBOLS = YES;
				SWIFT_APPROACHABLE_CONCURRENCY = YES;
				SWIFT_DEFAULT_ACTOR_ISOLATION = MainActor;
				SWIFT_EMIT_LOC_STRINGS = YES;
				SWIFT_UPCOMING_FEATURE_MEMBER_IMPORT_VISIBILITY = YES;
				SWIFT_VERSION = 5.0;
				TARGETED_DEVICE_FAMILY = "1,2";
			};
			name = Release;
		};
		82BBE8B02FFEEF87004848FA /* Debug */ = {
			isa = XCBuildConfiguration;
			buildSettings = {
				BUNDLE_LOADER = "$(TEST_HOST)";
				CODE_SIGN_STYLE = Automatic;
				CURRENT_PROJECT_VERSION = 1;
				DEVELOPMENT_TEAM = JBD99C5SKP;
				GENERATE_INFOPLIST_FILE = YES;
				IPHONEOS_DEPLOYMENT_TARGET = 26.5;
				MARKETING_VERSION = 1.0;
				PRODUCT_BUNDLE_IDENTIFIER = dev.osdp.view.PlotlyTests;
				PRODUCT_NAME = "$(TARGET_NAME)";
				STRING_CATALOG_GENERATE_SYMBOLS = NO;
				SWIFT_APPROACHABLE_CONCURRENCY = YES;
				SWIFT_EMIT_LOC_STRINGS = NO;
				SWIFT_UPCOMING_FEATURE_MEMBER_IMPORT_VISIBILITY = YES;
				SWIFT_VERSION = 5.0;
				TARGETED_DEVICE_FAMILY = "1,2";
				TEST_HOST = "$(BUILT_PRODUCTS_DIR)/Plotly.app/$(BUNDLE_EXECUTABLE_FOLDER_PATH)/Plotly";
			};
			name = Debug;
		};
		82BBE8B12FFEEF87004848FA /* Release */ = {
			isa = XCBuildConfiguration;
			buildSettings = {
				BUNDLE_LOADER = "$(TEST_HOST)";
				CODE_SIGN_STYLE = Automatic;
				CURRENT_PROJECT_VERSION = 1;
				DEVELOPMENT_TEAM = JBD99C5SKP;
				GENERATE_INFOPLIST_FILE = YES;
				IPHONEOS_DEPLOYMENT_TARGET = 26.5;
				MARKETING_VERSION = 1.0;
				PRODUCT_BUNDLE_IDENTIFIER = dev.osdp.view.PlotlyTests;
				PRODUCT_NAME = "$(TARGET_NAME)";
				STRING_CATALOG_GENERATE_SYMBOLS = NO;
				SWIFT_APPROACHABLE_CONCURRENCY = YES;
				SWIFT_EMIT_LOC_STRINGS = NO;
				SWIFT_UPCOMING_FEATURE_MEMBER_IMPORT_VISIBILITY = YES;
				SWIFT_VERSION = 5.0;
				TARGETED_DEVICE_FAMILY = "1,2";
				TEST_HOST = "$(BUILT_PRODUCTS_DIR)/Plotly.app/$(BUNDLE_EXECUTABLE_FOLDER_PATH)/Plotly";
			};
			name = Release;
		};
		82BBE8B32FFEEF87004848FA /* Debug */ = {
			isa = XCBuildConfiguration;
			buildSettings = {
				CODE_SIGN_STYLE = Automatic;
				CURRENT_PROJECT_VERSION = 1;
				DEVELOPMENT_TEAM = JBD99C5SKP;
				GENERATE_INFOPLIST_FILE = YES;
				MARKETING_VERSION = 1.0;
				PRODUCT_BUNDLE_IDENTIFIER = dev.osdp.view.PlotlyUITests;
				PRODUCT_NAME = "$(TARGET_NAME)";
				STRING_CATALOG_GENERATE_SYMBOLS = NO;
				SWIFT_APPROACHABLE_CONCURRENCY = YES;
				SWIFT_EMIT_LOC_STRINGS = NO;
				SWIFT_UPCOMING_FEATURE_MEMBER_IMPORT_VISIBILITY = YES;
				SWIFT_VERSION = 5.0;
				TARGETED_DEVICE_FAMILY = "1,2";
				TEST_TARGET_NAME = Plotly;
			};
			name = Debug;
		};
		82BBE8B42FFEEF87004848FA /* Release */ = {
			isa = XCBuildConfiguration;
			buildSettings = {
				CODE_SIGN_STYLE = Automatic;
				CURRENT_PROJECT_VERSION = 1;
				DEVELOPMENT_TEAM = JBD99C5SKP;
				GENERATE_INFOPLIST_FILE = YES;
				MARKETING_VERSION = 1.0;
				PRODUCT_BUNDLE_IDENTIFIER = dev.osdp.view.PlotlyUITests;
				PRODUCT_NAME = "$(TARGET_NAME)";
				STRING_CATALOG_GENERATE_SYMBOLS = NO;
				SWIFT_APPROACHABLE_CONCURRENCY = YES;
				SWIFT_EMIT_LOC_STRINGS = NO;
				SWIFT_UPCOMING_FEATURE_MEMBER_IMPORT_VISIBILITY = YES;
				SWIFT_VERSION = 5.0;
				TARGETED_DEVICE_FAMILY = "1,2";
				TEST_TARGET_NAME = Plotly;
			};
			name = Release;
		};
/* End XCBuildConfiguration section */

/* Begin XCConfigurationList section */
		82BBE8862FFEEF85004848FA /* Build configuration list for PBXProject "Plotly" */ = {
			isa = XCConfigurationList;
			buildConfigurations = (
				82BBE8AA2FFEEF87004848FA /* Debug */,
				82BBE8AB2FFEEF87004848FA /* Release */,
			);
			defaultConfigurationIsVisible = 0;
			defaultConfigurationName = Release;
		};
		82BBE8AC2FFEEF87004848FA /* Build configuration list for PBXNativeTarget "Plotly" */ = {
			isa = XCConfigurationList;
			buildConfigurations = (
				82BBE8AD2FFEEF87004848FA /* Debug */,
				82BBE8AE2FFEEF87004848FA /* Release */,
			);
			defaultConfigurationIsVisible = 0;
			defaultConfigurationName = Release;
		};
		82BBE8AF2FFEEF87004848FA /* Build configuration list for PBXNativeTarget "PlotlyTests" */ = {
			isa = XCConfigurationList;
			buildConfigurations = (
				82BBE8B02FFEEF87004848FA /* Debug */,
				82BBE8B12FFEEF87004848FA /* Release */,
			);
			defaultConfigurationIsVisible = 0;
			defaultConfigurationName = Release;
		};
		82BBE8B22FFEEF87004848FA /* Build configuration list for PBXNativeTarget "PlotlyUITests" */ = {
			isa = XCConfigurationList;
			buildConfigurations = (
				82BBE8B32FFEEF87004848FA /* Debug */,
				82BBE8B42FFEEF87004848FA /* Release */,
			);
			defaultConfigurationIsVisible = 0;
			defaultConfigurationName = Release;
		};
/* End XCConfigurationList section */

/* Begin XCRemoteSwiftPackageReference section */
		A10000000000000000000021 /* XCRemoteSwiftPackageReference "ios-maps-sdk" */ = {
			isa = XCRemoteSwiftPackageReference;
			repositoryURL = "https://github.com/googlemaps/ios-maps-sdk";
			requirement = {
				kind = exactVersion;
				version = 10.15.0;
			};
		};
		A10000000000000000000022 /* XCRemoteSwiftPackageReference "ios-places-sdk" */ = {
			isa = XCRemoteSwiftPackageReference;
			repositoryURL = "https://github.com/googlemaps/ios-places-sdk";
			requirement = {
				kind = exactVersion;
				version = 10.15.0;
			};
		};
/* End XCRemoteSwiftPackageReference section */

/* Begin XCSwiftPackageProductDependency section */
		A10000000000000000000011 /* GoogleMaps */ = {
			isa = XCSwiftPackageProductDependency;
			package = A10000000000000000000021 /* XCRemoteSwiftPackageReference "ios-maps-sdk" */;
			productName = GoogleMaps;
		};
		A10000000000000000000012 /* GooglePlaces */ = {
			isa = XCSwiftPackageProductDependency;
			package = A10000000000000000000022 /* XCRemoteSwiftPackageReference "ios-places-sdk" */;
			productName = GooglePlaces;
		};
		A10000000000000000000013 /* GooglePlacesSwift */ = {
			isa = XCSwiftPackageProductDependency;
			package = A10000000000000000000022 /* XCRemoteSwiftPackageReference "ios-places-sdk" */;
			productName = GooglePlacesSwift;
		};
/* End XCSwiftPackageProductDependency section */
	};
	rootObject = 82BBE8832FFEEF85004848FA /* Project object */;
}
